// !$*UTF8*$!
{
	archiveVersion = 1;
	classes = {
	};
	objectVersion = 50;
	objects = {

/* Begin PBXBuildFile section */
		CE349EB1259CE06800647807 /* AppDelegate.swift in Sources */ = {isa = PBXBuildFile; fileRef = CE349EB0259CE06800647807 /* AppDelegate.swift */; };
		CE349EB3259CE06800647807 /* SceneDelegate.swift in Sources */ = {isa = PBXBuildFile; fileRef = CE349EB2259CE06800647807 /* SceneDelegate.swift */; };
		CE349EB5259CE06800647807 /* NewsListViewController.swift in Sources */ = {isa = PBXBuildFile; fileRef = CE349EB4259CE06800647807 /* NewsListViewController.swift */; };
		CE349EB8259CE06800647807 /* Main.storyboard in Resources */ = {isa = PBXBuildFile; fileRef = CE349EB6259CE06800647807 /* Main.storyboard */; };
		CE349EBA259CE06B00647807 /* Assets.xcassets in Resources */ = {isa = PBXBuildFile; fileRef = CE349EB9259CE06B00647807 /* Assets.xcassets */; };
		CE349EBD259CE06B00647807 /* LaunchScreen.storyboard in Resources */ = {isa = PBXBuildFile; fileRef = CE349EBB259CE06B00647807 /* LaunchScreen.storyboard */; };
		CE349ECB259CF58900647807 /* TableViewCell.swift in Sources */ = {isa = PBXBuildFile; fileRef = CE349EC9259CF58900647807 /* TableViewCell.swift */; };
		CE349ED1259D1AE100647807 /* NewsVC.swift in Sources */ = {isa = PBXBuildFile; fileRef = CE349ED0259D1AE100647807 /* NewsVC.swift */; };
		CE349ED9259D3B8B00647807 /* NetworkService.swift in Sources */ = {isa = PBXBuildFile; fileRef = CE349ED8259D3B8B00647807 /* NetworkService.swift */; };
		CE349EE425A3631C00647807 /* NetworkDataFetcher.swift in Sources */ = {isa = PBXBuildFile; fileRef = CE349EE325A3631C00647807 /* NetworkDataFetcher.swift */; };
		CE349EEE25A65DDF00647807 /* Extension + UIImageView.swift in Sources */ = {isa = PBXBuildFile; fileRef = CE349EED25A65DDF00647807 /* Extension + UIImageView.swift */; };
		CE86C6C625D2C0E6004B00EF /* CountryPickerViewController.swift in Sources */ = {isa = PBXBuildFile; fileRef = CE86C6C525D2C0E6004B00EF /* CountryPickerViewController.swift */; };
		CE94F14D25D6766200128F90 /* NewsResponseModel.swift in Sources */ = {isa = PBXBuildFile; fileRef = CE94F14C25D6766200128F90 /* NewsResponseModel.swift */; };
		CE94F15025D6769B00128F90 /* ArticleModel.swift in Sources */ = {isa = PBXBuildFile; fileRef = CE94F14F25D6769B00128F90 /* ArticleModel.swift */; };
		CE94F15325D676B900128F90 /* SourcesResponseModel.swift in Sources */ = {isa = PBXBuildFile; fileRef = CE94F15225D676B900128F90 /* SourcesResponseModel.swift */; };
		CE94F15625D676D300128F90 /* SourceModel.swift in Sources */ = {isa = PBXBuildFile; fileRef = CE94F15525D676D300128F90 /* SourceModel.swift */; };
		CE94F15D25D68FB200128F90 /* ArticleSourceModel.swift in Sources */ = {isa = PBXBuildFile; fileRef = CE94F15C25D68FB200128F90 /* ArticleSourceModel.swift */; };
/* End PBXBuildFile section */

/* Begin PBXFileReference section */
		CE349EAD259CE06800647807 /* TXiBPcod.app */ = {isa = PBXFileReference; explicitFileType = wrapper.application; includeInIndex = 0; path = TXiBPcod.app; sourceTree = BUILT_PRODUCTS_DIR; };
		CE349EB0259CE06800647807 /* AppDelegate.swift */ = {isa = PBXFileReference; lastKnownFileType = sourcecode.swift; path = AppDelegate.swift; sourceTree = "<group>"; };
		CE349EB2259CE06800647807 /* SceneDelegate.swift */ = {isa = PBXFileReference; lastKnownFileType = sourcecode.swift; path = SceneDelegate.swift; sourceTree = "<group>"; };
		CE349EB4259CE06800647807 /* NewsListViewController.swift */ = {isa = PBXFileReference; lastKnownFileType = sourcecode.swift; path = NewsListViewController.swift; sourceTree = "<group>"; };
		CE349EB7259CE06800647807 /* Base */ = {isa = PBXFileReference; lastKnownFileType = file.storyboard; name = Base; path = Base.lproj/Main.storyboard; sourceTree = "<group>"; };
		CE349EB9259CE06B00647807 /* Assets.xcassets */ = {isa = PBXFileReference; lastKnownFileType = folder.assetcatalog; path = Assets.xcassets; sourceTree = "<group>"; };
		CE349EBC259CE06B00647807 /* Base */ = {isa = PBXFileReference; lastKnownFileType = file.storyboard; name = Base; path = Base.lproj/LaunchScreen.storyboard; sourceTree = "<group>"; };
		CE349EBE259CE06B00647807 /* Info.plist */ = {isa = PBXFileReference; lastKnownFileType = text.plist.xml; path = Info.plist; sourceTree = "<group>"; };
		CE349EC9259CF58900647807 /* TableViewCell.swift */ = {isa = PBXFileReference; lastKnownFileType = sourcecode.swift; path = TableViewCell.swift; sourceTree = "<group>"; };
		CE349ED0259D1AE100647807 /* NewsVC.swift */ = {isa = PBXFileReference; lastKnownFileType = sourcecode.swift; path = NewsVC.swift; sourceTree = "<group>"; };
		CE349ED8259D3B8B00647807 /* NetworkService.swift */ = {isa = PBXFileReference; lastKnownFileType = sourcecode.swift; path = NetworkService.swift; sourceTree = "<group>"; };
		CE349EE325A3631C00647807 /* NetworkDataFetcher.swift */ = {isa = PBXFileReference; lastKnownFileType = sourcecode.swift; path = NetworkDataFetcher.swift; sourceTree = "<group>"; };
		CE349EED25A65DDF00647807 /* Extension + UIImageView.swift */ = {isa = PBXFileReference; lastKnownFileType = sourcecode.swift; path = "Extension + UIImageView.swift"; sourceTree = "<group>"; };
		CE86C6C525D2C0E6004B00EF /* CountryPickerViewController.swift */ = {isa = PBXFileReference; lastKnownFileType = sourcecode.swift; path = CountryPickerViewController.swift; sourceTree = "<group>"; };
		CE94F14C25D6766200128F90 /* NewsResponseModel.swift */ = {isa = PBXFileReference; lastKnownFileType = sourcecode.swift; path = NewsResponseModel.swift; sourceTree = "<group>"; };
		CE94F14F25D6769B00128F90 /* ArticleModel.swift */ = {isa = PBXFileReference; lastKnownFileType = sourcecode.swift; path = ArticleModel.swift; sourceTree = "<group>"; };
		CE94F15225D676B900128F90 /* SourcesResponseModel.swift */ = {isa = PBXFileReference; lastKnownFileType = sourcecode.swift; path = SourcesResponseModel.swift; sourceTree = "<group>"; };
		CE94F15525D676D300128F90 /* SourceModel.swift */ = {isa = PBXFileReference; lastKnownFileType = sourcecode.swift; path = SourceModel.swift; sourceTree = "<group>"; };
		CE94F15C25D68FB200128F90 /* ArticleSourceModel.swift */ = {isa = PBXFileReference; lastKnownFileType = sourcecode.swift; path = ArticleSourceModel.swift; sourceTree = "<group>"; };
/* End PBXFileReference section */

/* Begin PBXFrameworksBuildPhase section */
		CE349EAA259CE06800647807 /* Frameworks */ = {
			isa = PBXFrameworksBuildPhase;
			buildActionMask = 2147483647;
			files = (
			);
			runOnlyForDeploymentPostprocessing = 0;
		};
/* End PBXFrameworksBuildPhase section */

/* Begin PBXGroup section */
		CE349EA4259CE06800647807 = {
			isa = PBXGroup;
			children = (
				CE349EAF259CE06800647807 /* TXiBPcod */,
				CE349EAE259CE06800647807 /* Products */,
			);
			sourceTree = "<group>";
		};
		CE349EAE259CE06800647807 /* Products */ = {
			isa = PBXGroup;
			children = (
				CE349EAD259CE06800647807 /* TXiBPcod.app */,
			);
			name = Products;
			sourceTree = "<group>";
		};
		CE349EAF259CE06800647807 /* TXiBPcod */ = {
			isa = PBXGroup;
			children = (
				CE349EB0259CE06800647807 /* AppDelegate.swift */,
				CE349EB2259CE06800647807 /* SceneDelegate.swift */,
				CE349EB4259CE06800647807 /* NewsListViewController.swift */,
				CE349ED0259D1AE100647807 /* NewsVC.swift */,
				CE86C6C525D2C0E6004B00EF /* CountryPickerViewController.swift */,
				CE86C6CD25D56AA3004B00EF /* Network */,
				CE349EB6259CE06800647807 /* Main.storyboard */,
				CE349EC9259CF58900647807 /* TableViewCell.swift */,
				CE94F15925D676ED00128F90 /* Models */,
				CE349EED25A65DDF00647807 /* Extension + UIImageView.swift */,
				CE349EB9259CE06B00647807 /* Assets.xcassets */,
				CE349EBB259CE06B00647807 /* LaunchScreen.storyboard */,
				CE349EBE259CE06B00647807 /* Info.plist */,
			);
			path = TXiBPcod;
			sourceTree = "<group>";
		};
		CE86C6CD25D56AA3004B00EF /* Network */ = {
			isa = PBXGroup;
			children = (
				CE349ED8259D3B8B00647807 /* NetworkService.swift */,
				CE349EE325A3631C00647807 /* NetworkDataFetcher.swift */,
			);
			path = Network;
			sourceTree = "<group>";
		};
		CE94F15925D676ED00128F90 /* Models */ = {
			isa = PBXGroup;
			children = (
				CE94F14C25D6766200128F90 /* NewsResponseModel.swift */,
				CE94F14F25D6769B00128F90 /* ArticleModel.swift */,
				CE94F15C25D68FB200128F90 /* ArticleSourceModel.swift */,
				CE94F15525D676D300128F90 /* SourceModel.swift */,
				CE94F15225D676B900128F90 /* SourcesResponseModel.swift */,
			);
			path = Models;
			sourceTree = "<group>";
		};
/* End PBXGroup section */

/* Begin PBXNativeTarget section */
		CE349EAC259CE06800647807 /* TXiBPcod */ = {
			isa = PBXNativeTarget;
			buildConfigurationList = CE349EC1259CE06B00647807 /* Build configuration list for PBXNativeTarget "TXiBPcod" */;
			buildPhases = (
				CE349EA9259CE06800647807 /* Sources */,
				CE349EAA259CE06800647807 /* Frameworks */,
				CE349EAB259CE06800647807 /* Resources */,
			);
			buildRules = (
			);
			dependencies = (
			);
			name = TXiBPcod;
			productName = TXiBPcod;
			productReference = CE349EAD259CE06800647807 /* TXiBPcod.app */;
			productType = "com.apple.product-type.application";
		};
/* End PBXNativeTarget section */

/* Begin PBXProject section */
		CE349EA5259CE06800647807 /* Project object */ = {
			isa = PBXProject;
			attributes = {
				LastSwiftUpdateCheck = 1230;
				LastUpgradeCheck = 1230;
				TargetAttributes = {
					CE349EAC259CE06800647807 = {
						CreatedOnToolsVersion = 12.3;
					};
				};
			};
			buildConfigurationList = CE349EA8259CE06800647807 /* Build configuration list for PBXProject "TXiBPcod" */;
			compatibilityVersion = "Xcode 9.3";
			developmentRegion = en;
			hasScannedForEncodings = 0;
			knownRegions = (
				en,
				Base,
			);
			mainGroup = CE349EA4259CE06800647807;
			productRefGroup = CE349EAE259CE06800647807 /* Products */;
			projectDirPath = "";
			projectRoot = "";
			targets = (
				CE349EAC259CE06800647807 /* TXiBPcod */,
			);
		};
/* End PBXProject section */

/* Begin PBXResourcesBuildPhase section */
		CE349EAB259CE06800647807 /* Resources */ = {
			isa = PBXResourcesBuildPhase;
			buildActionMask = 2147483647;
			files = (
				CE349EBD259CE06B00647807 /* LaunchScreen.storyboard in Resources */,
				CE349EBA259CE06B00647807 /* Assets.xcassets in Resources */,
				CE349EB8259CE06800647807 /* Main.storyboard in Resources */,
			);
			runOnlyForDeploymentPostprocessing = 0;
		};
/* End PBXResourcesBuildPhase section */

/* Begin PBXSourcesBuildPhase section */
		CE349EA9259CE06800647807 /* Sources */ = {
			isa = PBXSourcesBuildPhase;
			buildActionMask = 2147483647;
			files = (
				CE349EB5259CE06800647807 /* NewsListViewController.swift in Sources */,
				CE349ECB259CF58900647807 /* TableViewCell.swift in Sources */,
				CE349EB1259CE06800647807 /* AppDelegate.swift in Sources */,
				CE349EB3259CE06800647807 /* SceneDelegate.swift in Sources */,
				CE349ED9259D3B8B00647807 /* NetworkService.swift in Sources */,
				CE94F14D25D6766200128F90 /* NewsResponseModel.swift in Sources */,
				CE349EE425A3631C00647807 /* NetworkDataFetcher.swift in Sources */,
				CE349ED1259D1AE100647807 /* NewsVC.swift in Sources */,
				CE94F15325D676B900128F90 /* SourcesResponseModel.swift in Sources */,
				CE349EEE25A65DDF00647807 /* Extension + UIImageView.swift in Sources */,
				CE94F15025D6769B00128F90 /* ArticleModel.swift in Sources */,
				CE94F15625D676D300128F90 /* SourceModel.swift in Sources */,
				CE86C6C625D2C0E6004B00EF /* CountryPickerViewController.swift in Sources */,
				CE94F15D25D68FB200128F90 /* ArticleSourceModel.swift in Sources */,
			);
			runOnlyForDeploymentPostprocessing = 0;
		};
/* End PBXSourcesBuildPhase section */

/* Begin PBXVariantGroup section */
		CE349EB6259CE06800647807 /* Main.storyboard */ = {
			isa = PBXVariantGroup;
			children = (
				CE349EB7259CE06800647807 /* Base */,
			);
			name = Main.storyboard;
			sourceTree = "<group>";
		};
		CE349EBB259CE06B00647807 /* LaunchScreen.storyboard */ = {
			isa = PBXVariantGroup;
			children = (
				CE349EBC259CE06B00647807 /* Base */,
			);
			name = LaunchScreen.storyboard;
			sourceTree = "<group>";
		};
/* End PBXVariantGroup section */

/* Begin XCBuildConfiguration section */
		CE349EBF259CE06B00647807 /* Debug */ = {
			isa = XCBuildConfiguration;
			buildSettings = {
				ALWAYS_SEARCH_USER_PATHS = NO;
				CLANG_ANALYZER_NONNULL = YES;
				CLANG_ANALYZER_NUMBER_OBJECT_CONVERSION = YES_AGGRESSIVE;
				CLANG_CXX_LANGUAGE_STANDARD = "gnu++14";
				CLANG_CXX_LIBRARY = "libc++";
				CLANG_ENABLE_MODULES = YES;
				CLANG_ENABLE_OBJC_ARC = YES;
				CLANG_ENABLE_OBJC_WEAK = YES;
				CLANG_WARN_BLOCK_CAPTURE_AUTORELEASING = YES;
				CLANG_WARN_BOOL_CONVERSION = YES;
				CLANG_WARN_COMMA = YES;
				CLANG_WARN_CONSTANT_CONVERSION = YES;
				CLANG_WARN_DEPRECATED_OBJC_IMPLEMENTATIONS = YES;
				CLANG_WARN_DIRECT_OBJC_ISA_USAGE = YES_ERROR;
				CLANG_WARN_DOCUMENTATION_COMMENTS = YES;
				CLANG_WARN_EMPTY_BODY = YES;
				CLANG_WARN_ENUM_CONVERSION = YES;
				CLANG_WARN_INFINITE_RECURSION = YES;
				CLANG_WARN_INT_CONVERSION = YES;
				CLANG_WARN_NON_LITERAL_NULL_CONVERSION = YES;
				CLANG_WARN_OBJC_IMPLICIT_RETAIN_SELF = YES;
				CLANG_WARN_OBJC_LITERAL_CONVERSION = YES;
				CLANG_WARN_OBJC_ROOT_CLASS = YES_ERROR;
				CLANG_WARN_QUOTED_INCLUDE_IN_FRAMEWORK_HEADER = YES;
				CLANG_WARN_RANGE_LOOP_ANALYSIS = YES;
				CLANG_WARN_STRICT_PROTOTYPES = YES;
				CLANG_WARN_SUSPICIOUS_MOVE = YES;
				CLANG_WARN_UNGUARDED_AVAILABILITY = YES_AGGRESSIVE;
				CLANG_WARN_UNREACHABLE_CODE = YES;
				CLANG_WARN__DUPLICATE_METHOD_MATCH = YES;
				COPY_PHASE_STRIP = NO;
				DEBUG_INFORMATION_FORMAT = dwarf;
				ENABLE_STRICT_OBJC_MSGSEND = YES;
				ENABLE_TESTABILITY = YES;
				GCC_C_LANGUAGE_STANDARD = gnu11;
				GCC_DYNAMIC_NO_PIC = NO;
				GCC_NO_COMMON_BLOCKS = YES;
				GCC_OPTIMIZATION_LEVEL = 0;
				GCC_PREPROCESSOR_DEFINITIONS = (
					"DEBUG=1",
					"$(inherited)",
				);
				GCC_WARN_64_TO_32_BIT_CONVERSION = YES;
				GCC_WARN_ABOUT_RETURN_TYPE = YES_ERROR;
				GCC_WARN_UNDECLARED_SELECTOR = YES;
				GCC_WARN_UNINITIALIZED_AUTOS = YES_AGGRESSIVE;
				GCC_WARN_UNUSED_FUNCTION = YES;
				GCC_WARN_UNUSED_VARIABLE = YES;
				IPHONEOS_DEPLOYMENT_TARGET = 14.3;
				MTL_ENABLE_DEBUG_INFO = INCLUDE_SOURCE;
				MTL_FAST_MATH = YES;
				ONLY_ACTIVE_ARCH = YES;
				SDKROOT = iphoneos;
				SWIFT_ACTIVE_COMPILATION_CONDITIONS = DEBUG;
				SWIFT_OPTIMIZATION_LEVEL = "-Onone";
			};
			name = Debug;
		};
		CE349EC0259CE06B00647807 /* Release */ = {
			isa = XCBuildConfiguration;
			buildSettings = {
				ALWAYS_SEARCH_USER_PATHS = NO;
				CLANG_ANALYZER_NONNULL = YES;
				CLANG_ANALYZER_NUMBER_OBJECT_CONVERSION = YES_AGGRESSIVE;
				CLANG_CXX_LANGUAGE_STANDARD = "gnu++14";
				CLANG_CXX_LIBRARY = "libc++";
				CLANG_ENABLE_MODULES = YES;
				CLANG_ENABLE_OBJC_ARC = YES;
				CLANG_ENABLE_OBJC_WEAK = YES;
				CLANG_WARN_BLOCK_CAPTURE_AUTORELEASING = YES;
				CLANG_WARN_BOOL_CONVERSION = YES;
				CLANG_WARN_COMMA = YES;
				CLANG_WARN_CONSTANT_CONVERSION = YES;
				CLANG_WARN_DEPRECATED_OBJC_IMPLEMENTATIONS = YES;
				CLANG_WARN_DIRECT_OBJC_ISA_USAGE = YES_ERROR;
				CLANG_WARN_DOCUMENTATION_COMMENTS = YES;
				CLANG_WARN_EMPTY_BODY = YES;
				CLANG_WARN_ENUM_CONVERSION = YES;
				CLANG_WARN_INFINITE_RECURSION = YES;
				CLANG_WARN_INT_CONVERSION = YES;
				CLANG_WARN_NON_LITERAL_NULL_CONVERSION = YES;
				CLANG_WARN_OBJC_IMPLICIT_RETAIN_SELF = YES;
				CLANG_WARN_OBJC_LITERAL_CONVERSION = YES;
				CLANG_WARN_OBJC_ROOT_CLASS = YES_ERROR;
				CLANG_WARN_QUOTED_INCLUDE_IN_FRAMEWORK_HEADER = YES;
				CLANG_WARN_RANGE_LOOP_ANALYSIS = YES;
				CLANG_WARN_STRICT_PROTOTYPES = YES;
				CLANG_WARN_SUSPICIOUS_MOVE = YES;
				CLANG_WARN_UNGUARDED_AVAILABILITY = YES_AGGRESSIVE;
				CLANG_WARN_UNREACHABLE_CODE = YES;
				CLANG_WARN__DUPLICATE_METHOD_MATCH = YES;
				COPY_PHASE_STRIP = NO;
				DEBUG_INFORMATION_FORMAT = "dwarf-with-dsym";
				ENABLE_NS_ASSERTIONS = NO;
				ENABLE_STRICT_OBJC_MSGSEND = YES;
				GCC_C_LANGUAGE_STANDARD = gnu11;
				GCC_NO_COMMON_BLOCKS = YES;
				GCC_WARN_64_TO_32_BIT_CONVERSION = YES;
				GCC_WARN_ABOUT_RETURN_TYPE = YES_ERROR;
				GCC_WARN_UNDECLARED_SELECTOR = YES;
				GCC_WARN_UNINITIALIZED_AUTOS = YES_AGGRESSIVE;
				GCC_WARN_UNUSED_FUNCTION = YES;
				GCC_WARN_UNUSED_VARIABLE = YES;
				IPHONEOS_DEPLOYMENT_TARGET = 14.3;
				MTL_ENABLE_DEBUG_INFO = NO;
				MTL_FAST_MATH = YES;
				SDKROOT = iphoneos;
				SWIFT_COMPILATION_MODE = wholemodule;
				SWIFT_OPTIMIZATION_LEVEL = "-O";
				VALIDATE_PRODUCT = YES;
			};
			name = Release;
		};
		CE349EC2259CE06B00647807 /* Debug */ = {
			isa = XCBuildConfiguration;
			buildSettings = {
				ASSETCATALOG_COMPILER_APPICON_NAME = AppIcon;
				ASSETCATALOG_COMPILER_GLOBAL_ACCENT_COLOR_NAME = AccentColor;
				CODE_SIGN_STYLE = Automatic;
				DEVELOPMENT_TEAM = F7HMZCVKND;
				INFOPLIST_FILE = TXiBPcod/Info.plist;
				LD_RUNPATH_SEARCH_PATHS = (
					"$(inherited)",
					"@executable_path/Frameworks",
				);
				PRODUCT_BUNDLE_IDENTIFIER = com.vladveretennikov.TXiBPcod;
				PRODUCT_NAME = "$(TARGET_NAME)";
				SWIFT_VERSION = 5.0;
				TARGETED_DEVICE_FAMILY = "1,2";
			};
			name = Debug;
		};
		CE349EC3259CE06B00647807 /* Release */ = {
			isa = XCBuildConfiguration;
			buildSettings = {
				ASSETCATALOG_COMPILER_APPICON_NAME = AppIcon;
				ASSETCATALOG_COMPILER_GLOBAL_ACCENT_COLOR_NAME = AccentColor;
				CODE_SIGN_STYLE = Automatic;
				DEVELOPMENT_TEAM = F7HMZCVKND;
				INFOPLIST_FILE = TXiBPcod/Info.plist;
				LD_RUNPATH_SEARCH_PATHS = (
					"$(inherited)",
					"@executable_path/Frameworks",
				);
				PRODUCT_BUNDLE_IDENTIFIER = com.vladveretennikov.TXiBPcod;
				PRODUCT_NAME = "$(TARGET_NAME)";
				SWIFT_VERSION = 5.0;
				TARGETED_DEVICE_FAMILY = "1,2";
			};
			name = Release;
		};
/* End XCBuildConfiguration section */

/* Begin XCConfigurationList section */
		CE349EA8259CE06800647807 /* Build configuration list for PBXProject "TXiBPcod" */ = {
			isa = XCConfigurationList;
			buildConfigurations = (
				CE349EBF259CE06B00647807 /* Debug */,
				CE349EC0259CE06B00647807 /* Release */,
			);
			defaultConfigurationIsVisible = 0;
			defaultConfigurationName = Release;
		};
		CE349EC1259CE06B00647807 /* Build configuration list for PBXNativeTarget "TXiBPcod" */ = {
			isa = XCConfigurationList;
			buildConfigurations = (
				CE349EC2259CE06B00647807 /* Debug */,
				CE349EC3259CE06B00647807 /* Release */,
			);
			defaultConfigurationIsVisible = 0;
			defaultConfigurationName = Release;
		};
/* End XCConfigurationList section */
	};
	rootObject = CE349EA5259CE06800647807 /* Project object */;
}
